
Microsoft Visual Studio Solution File, Format Version 12.00
# Visual Studio Version 17
VisualStudioVersion = 17.10.35004.147
MinimumVisualStudioVersion = 10.0.40219.1
Project("{9A19103F-16F7-4668-BE54-9A1E7A4F7556}") = "BudgetTracker.Web", "BudgetTracker.Web.csproj", "{918F06A4-1DAD-451E-B511-8A7E5CDD34C2}"
EndProject
Project("{9A19103F-16F7-4668-BE54-9A1E7A4F7556}") = "BudgetTracker.Web.Test", "..\BudgetTracker.Web.Test\BudgetTracker.Web.Test.csproj", "{C5756968-EB23-4377-9781-6F5934413792}"
EndProject
Global
	GlobalSection(SolutionConfigurationPlatforms) = preSolution
		Debug|Any CPU = Debug|Any CPU
		Release|Any CPU = Release|Any CPU
	EndGlobalSection
	GlobalSection(ProjectConfigurationPlatforms) = postSolution
		{918F06A4-1DAD-451E-B511-8A7E5CDD34C2}.Debug|Any CPU.ActiveCfg = Debug|Any CPU
		{918F06A4-1DAD-451E-B511-8A7E5CDD34C2}.Debug|Any CPU.Build.0 = Debug|Any CPU
		{918F06A4-1DAD-451E-B511-8A7E5CDD34C2}.Release|Any CPU.ActiveCfg = Release|Any CPU
		{918F06A4-1DAD-451E-B511-8A7E5CDD34C2}.Release|Any CPU.Build.0 = Release|Any CPU
		{C5756968-EB23-4377-9781-6F5934413792}.Debug|Any CPU.ActiveCfg = Debug|Any CPU
		{C5756968-EB23-4377-9781-6F5934413792}.Debug|Any CPU.Build.0 = Debug|Any CPU
		{C5756968-EB23-4377-9781-6F5934413792}.Release|Any CPU.ActiveCfg = Release|Any CPU
		{C5756968-EB23-4377-9781-6F5934413792}.Release|Any CPU.Build.0 = Release|Any CPU
	EndGlobalSection
	GlobalSection(SolutionProperties) = preSolution
		HideSolutionNode = FALSE
	EndGlobalSection
	GlobalSection(ExtensibilityGlobals) = postSolution
		SolutionGuid = {1DE6EB8F-6762-44C7-A10D-ED4B0B278D11}
	EndGlobalSection
EndGlobal
